
Microsoft Visual Studio Solution File, Format Version 12.00
# Visual Studio Version 17
VisualStudioVersion = 17.4.33205.214
MinimumVisualStudioVersion = 10.0.40219.1
Project("{FAE04EC0-301F-11D3-BF4B-00C04F79EFBC}") = "01. Monster Extermination", "01. Monster Extermination\01. Monster Extermination.csproj", "{4C7B1C56-AA66-4F5E-A162-7E2F9E08E910}"
EndProject
Project("{FAE04EC0-301F-11D3-BF4B-00C04F79EFBC}") = "02. Delivery Boy", "02. Delivery Boy\02. Delivery Boy.csproj", "{A9C526D1-A27A-4A87-AF8E-0FD62C456B67}"
EndProject
Global
	GlobalSection(SolutionConfigurationPlatforms) = preSolution
		Debug|Any CPU = Debug|Any CPU
		Release|Any CPU = Release|Any CPU
	EndGlobalSection
	GlobalSection(ProjectConfigurationPlatforms) = postSolution
		{4C7B1C56-AA66-4F5E-A162-7E2F9E08E910}.Debug|Any CPU.ActiveCfg = Debug|Any CPU
		{4C7B1C56-AA66-4F5E-A162-7E2F9E08E910}.Debug|Any CPU.Build.0 = Debug|Any CPU
		{4C7B1C56-AA66-4F5E-A162-7E2F9E08E910}.Release|Any CPU.ActiveCfg = Release|Any CPU
		{4C7B1C56-AA66-4F5E-A162-7E2F9E08E910}.Release|Any CPU.Build.0 = Release|Any CPU
		{A9C526D1-A27A-4A87-AF8E-0FD62C456B67}.Debug|Any CPU.ActiveCfg = Debug|Any CPU
		{A9C526D1-A27A-4A87-AF8E-0FD62C456B67}.Debug|Any CPU.Build.0 = Debug|Any CPU
		{A9C526D1-A27A-4A87-AF8E-0FD62C456B67}.Release|Any CPU.ActiveCfg = Release|Any CPU
		{A9C526D1-A27A-4A87-AF8E-0FD62C456B67}.Release|Any CPU.Build.0 = Release|Any CPU
	EndGlobalSection
	GlobalSection(SolutionProperties) = preSolution
		HideSolutionNode = FALSE
	EndGlobalSection
	GlobalSection(ExtensibilityGlobals) = postSolution
		SolutionGuid = {346665FF-C095-4C8F-A0A8-55C82F61979B}
	EndGlobalSection
EndGlobal
