
Microsoft Visual Studio Solution File, Format Version 12.00
# Visual Studio Version 17
VisualStudioVersion = 17.4.33205.214
MinimumVisualStudioVersion = 10.0.40219.1
Project("{9A19103F-16F7-4668-BE54-9A1E7A4F7556}") = "ListyIterator", "ListyIterator\ListyIterator.csproj", "{C7D11D05-144D-485D-8582-A67FB7DEB7D6}"
EndProject
Project("{FAE04EC0-301F-11D3-BF4B-00C04F79EFBC}") = "Collection", "Collection\Collection.csproj", "{05F15325-EF13-4DF9-84EA-7AC396BBEADB}"
EndProject
Global
	GlobalSection(SolutionConfigurationPlatforms) = preSolution
		Debug|Any CPU = Debug|Any CPU
		Release|Any CPU = Release|Any CPU
	EndGlobalSection
	GlobalSection(ProjectConfigurationPlatforms) = postSolution
		{C7D11D05-144D-485D-8582-A67FB7DEB7D6}.Debug|Any CPU.ActiveCfg = Debug|Any CPU
		{C7D11D05-144D-485D-8582-A67FB7DEB7D6}.Debug|Any CPU.Build.0 = Debug|Any CPU
		{C7D11D05-144D-485D-8582-A67FB7DEB7D6}.Release|Any CPU.ActiveCfg = Release|Any CPU
		{C7D11D05-144D-485D-8582-A67FB7DEB7D6}.Release|Any CPU.Build.0 = Release|Any CPU
		{05F15325-EF13-4DF9-84EA-7AC396BBEADB}.Debug|Any CPU.ActiveCfg = Debug|Any CPU
		{05F15325-EF13-4DF9-84EA-7AC396BBEADB}.Debug|Any CPU.Build.0 = Debug|Any CPU
		{05F15325-EF13-4DF9-84EA-7AC396BBEADB}.Release|Any CPU.ActiveCfg = Release|Any CPU
		{05F15325-EF13-4DF9-84EA-7AC396BBEADB}.Release|Any CPU.Build.0 = Release|Any CPU
	EndGlobalSection
	GlobalSection(SolutionProperties) = preSolution
		HideSolutionNode = FALSE
	EndGlobalSection
	GlobalSection(ExtensibilityGlobals) = postSolution
		SolutionGuid = {BCFCD428-0F81-4753-9C74-6454462FFF17}
	EndGlobalSection
EndGlobal
