
Microsoft Visual Studio Solution File, Format Version 12.00
# Visual Studio Version 17
VisualStudioVersion = 17.4.33205.214
MinimumVisualStudioVersion = 10.0.40219.1
Project("{9A19103F-16F7-4668-BE54-9A1E7A4F7556}") = "1. Count Same Values in Array", "1. Count Same Values in Array\1. Count Same Values in Array.csproj", "{98686D06-DEE7-4819-92AC-3AADC4E21E7E}"
EndProject
Project("{9A19103F-16F7-4668-BE54-9A1E7A4F7556}") = "2. Average Student Grades", "2. Average Student Grades\2. Average Student Grades.csproj", "{23379AF2-1FEB-413D-AD29-5131CCCCFEC0}"
EndProject
Project("{9A19103F-16F7-4668-BE54-9A1E7A4F7556}") = "3. Largest 3 Numbers", "3. Largest 3 Numbers\3. Largest 3 Numbers.csproj", "{55D4D912-7297-466E-AAAA-9B9A866E86DD}"
EndProject
Project("{9A19103F-16F7-4668-BE54-9A1E7A4F7556}") = "4. Product Shop", "4. Product Shop\4. Product Shop.csproj", "{70C4E1D7-BD86-4BEA-8629-F4FAACAEFC27}"
EndProject
Project("{9A19103F-16F7-4668-BE54-9A1E7A4F7556}") = "5. Cities by Continent and Country", "5. Cities by Continent and Country\5. Cities by Continent and Country.csproj", "{AE335413-9B0A-4BE4-A13C-329A9C61F4DF}"
EndProject
Project("{FAE04EC0-301F-11D3-BF4B-00C04F79EFBC}") = "6. Record Unique Names", "6. Record Unique Names\6. Record Unique Names.csproj", "{ED45B2E1-0384-42F5-B224-E0C21F29CEFF}"
EndProject
Project("{FAE04EC0-301F-11D3-BF4B-00C04F79EFBC}") = "7. Parking Lot", "7. Parking Lot\7. Parking Lot.csproj", "{8583DBA3-9045-43AA-8A6B-DA1BA96E2957}"
EndProject
Project("{FAE04EC0-301F-11D3-BF4B-00C04F79EFBC}") = "8. SoftUni Party", "8. SoftUni Party\8. SoftUni Party.csproj", "{EB66DA19-A772-4E24-ACB3-1709F437735B}"
EndProject
Global
	GlobalSection(SolutionConfigurationPlatforms) = preSolution
		Debug|Any CPU = Debug|Any CPU
		Release|Any CPU = Release|Any CPU
	EndGlobalSection
	GlobalSection(ProjectConfigurationPlatforms) = postSolution
		{98686D06-DEE7-4819-92AC-3AADC4E21E7E}.Debug|Any CPU.ActiveCfg = Debug|Any CPU
		{98686D06-DEE7-4819-92AC-3AADC4E21E7E}.Debug|Any CPU.Build.0 = Debug|Any CPU
		{98686D06-DEE7-4819-92AC-3AADC4E21E7E}.Release|Any CPU.ActiveCfg = Release|Any CPU
		{98686D06-DEE7-4819-92AC-3AADC4E21E7E}.Release|Any CPU.Build.0 = Release|Any CPU
		{23379AF2-1FEB-413D-AD29-5131CCCCFEC0}.Debug|Any CPU.ActiveCfg = Debug|Any CPU
		{23379AF2-1FEB-413D-AD29-5131CCCCFEC0}.Debug|Any CPU.Build.0 = Debug|Any CPU
		{23379AF2-1FEB-413D-AD29-5131CCCCFEC0}.Release|Any CPU.ActiveCfg = Release|Any CPU
		{23379AF2-1FEB-413D-AD29-5131CCCCFEC0}.Release|Any CPU.Build.0 = Release|Any CPU
		{55D4D912-7297-466E-AAAA-9B9A866E86DD}.Debug|Any CPU.ActiveCfg = Debug|Any CPU
		{55D4D912-7297-466E-AAAA-9B9A866E86DD}.Debug|Any CPU.Build.0 = Debug|Any CPU
		{55D4D912-7297-466E-AAAA-9B9A866E86DD}.Release|Any CPU.ActiveCfg = Release|Any CPU
		{55D4D912-7297-466E-AAAA-9B9A866E86DD}.Release|Any CPU.Build.0 = Release|Any CPU
		{70C4E1D7-BD86-4BEA-8629-F4FAACAEFC27}.Debug|Any CPU.ActiveCfg = Debug|Any CPU
		{70C4E1D7-BD86-4BEA-8629-F4FAACAEFC27}.Debug|Any CPU.Build.0 = Debug|Any CPU
		{70C4E1D7-BD86-4BEA-8629-F4FAACAEFC27}.Release|Any CPU.ActiveCfg = Release|Any CPU
		{70C4E1D7-BD86-4BEA-8629-F4FAACAEFC27}.Release|Any CPU.Build.0 = Release|Any CPU
		{AE335413-9B0A-4BE4-A13C-329A9C61F4DF}.Debug|Any CPU.ActiveCfg = Debug|Any CPU
		{AE335413-9B0A-4BE4-A13C-329A9C61F4DF}.Debug|Any CPU.Build.0 = Debug|Any CPU
		{AE335413-9B0A-4BE4-A13C-329A9C61F4DF}.Release|Any CPU.ActiveCfg = Release|Any CPU
		{AE335413-9B0A-4BE4-A13C-329A9C61F4DF}.Release|Any CPU.Build.0 = Release|Any CPU
		{ED45B2E1-0384-42F5-B224-E0C21F29CEFF}.Debug|Any CPU.ActiveCfg = Debug|Any CPU
		{ED45B2E1-0384-42F5-B224-E0C21F29CEFF}.Debug|Any CPU.Build.0 = Debug|Any CPU
		{ED45B2E1-0384-42F5-B224-E0C21F29CEFF}.Release|Any CPU.ActiveCfg = Release|Any CPU
		{ED45B2E1-0384-42F5-B224-E0C21F29CEFF}.Release|Any CPU.Build.0 = Release|Any CPU
		{8583DBA3-9045-43AA-8A6B-DA1BA96E2957}.Debug|Any CPU.ActiveCfg = Debug|Any CPU
		{8583DBA3-9045-43AA-8A6B-DA1BA96E2957}.Debug|Any CPU.Build.0 = Debug|Any CPU
		{8583DBA3-9045-43AA-8A6B-DA1BA96E2957}.Release|Any CPU.ActiveCfg = Release|Any CPU
		{8583DBA3-9045-43AA-8A6B-DA1BA96E2957}.Release|Any CPU.Build.0 = Release|Any CPU
		{EB66DA19-A772-4E24-ACB3-1709F437735B}.Debug|Any CPU.ActiveCfg = Debug|Any CPU
		{EB66DA19-A772-4E24-ACB3-1709F437735B}.Debug|Any CPU.Build.0 = Debug|Any CPU
		{EB66DA19-A772-4E24-ACB3-1709F437735B}.Release|Any CPU.ActiveCfg = Release|Any CPU
		{EB66DA19-A772-4E24-ACB3-1709F437735B}.Release|Any CPU.Build.0 = Release|Any CPU
	EndGlobalSection
	GlobalSection(SolutionProperties) = preSolution
		HideSolutionNode = FALSE
	EndGlobalSection
	GlobalSection(ExtensibilityGlobals) = postSolution
		SolutionGuid = {90F723EF-7259-47DD-AD5A-7C87D7EADB9A}
	EndGlobalSection
EndGlobal
