
Microsoft Visual Studio Solution File, Format Version 12.00
# Visual Studio Version 17
VisualStudioVersion = 17.4.33205.214
MinimumVisualStudioVersion = 10.0.40219.1
Project("{9A19103F-16F7-4668-BE54-9A1E7A4F7556}") = "BoxOfT", "BoxOfT\BoxOfT.csproj", "{626492E2-C3D6-40CC-9A7D-4529BD2C9B36}"
EndProject
Project("{FAE04EC0-301F-11D3-BF4B-00C04F79EFBC}") = "GenericArrayCreator", "GenericArrayCreator\GenericArrayCreator.csproj", "{FDECBAE4-B6C0-4FDA-B00B-34930F411289}"
EndProject
Project("{FAE04EC0-301F-11D3-BF4B-00C04F79EFBC}") = "GenericScale", "GenericScale\GenericScale.csproj", "{063D0756-2327-48D8-B80E-81CC1A23A294}"
EndProject
Global
	GlobalSection(SolutionConfigurationPlatforms) = preSolution
		Debug|Any CPU = Debug|Any CPU
		Release|Any CPU = Release|Any CPU
	EndGlobalSection
	GlobalSection(ProjectConfigurationPlatforms) = postSolution
		{626492E2-C3D6-40CC-9A7D-4529BD2C9B36}.Debug|Any CPU.ActiveCfg = Debug|Any CPU
		{626492E2-C3D6-40CC-9A7D-4529BD2C9B36}.Debug|Any CPU.Build.0 = Debug|Any CPU
		{626492E2-C3D6-40CC-9A7D-4529BD2C9B36}.Release|Any CPU.ActiveCfg = Release|Any CPU
		{626492E2-C3D6-40CC-9A7D-4529BD2C9B36}.Release|Any CPU.Build.0 = Release|Any CPU
		{FDECBAE4-B6C0-4FDA-B00B-34930F411289}.Debug|Any CPU.ActiveCfg = Debug|Any CPU
		{FDECBAE4-B6C0-4FDA-B00B-34930F411289}.Debug|Any CPU.Build.0 = Debug|Any CPU
		{FDECBAE4-B6C0-4FDA-B00B-34930F411289}.Release|Any CPU.ActiveCfg = Release|Any CPU
		{FDECBAE4-B6C0-4FDA-B00B-34930F411289}.Release|Any CPU.Build.0 = Release|Any CPU
		{063D0756-2327-48D8-B80E-81CC1A23A294}.Debug|Any CPU.ActiveCfg = Debug|Any CPU
		{063D0756-2327-48D8-B80E-81CC1A23A294}.Debug|Any CPU.Build.0 = Debug|Any CPU
		{063D0756-2327-48D8-B80E-81CC1A23A294}.Release|Any CPU.ActiveCfg = Release|Any CPU
		{063D0756-2327-48D8-B80E-81CC1A23A294}.Release|Any CPU.Build.0 = Release|Any CPU
	EndGlobalSection
	GlobalSection(SolutionProperties) = preSolution
		HideSolutionNode = FALSE
	EndGlobalSection
	GlobalSection(ExtensibilityGlobals) = postSolution
		SolutionGuid = {A2A21587-BBFE-4552-80F3-B4A0DF29C319}
	EndGlobalSection
EndGlobal
