
Microsoft Visual Studio Solution File, Format Version 12.00
# Visual Studio Version 17
VisualStudioVersion = 17.4.33205.214
MinimumVisualStudioVersion = 10.0.40219.1
Project("{9A19103F-16F7-4668-BE54-9A1E7A4F7556}") = "01. Diagonal Difference", "01. Diagonal Difference\01. Diagonal Difference.csproj", "{4F1939D2-9D01-42F5-8B50-91AA59BDF428}"
EndProject
Project("{9A19103F-16F7-4668-BE54-9A1E7A4F7556}") = "02. Squares in Matrix", "02. Squares in Matrix\02. Squares in Matrix.csproj", "{06494613-9622-4900-A95C-4D6ADF5ED56F}"
EndProject
Project("{9A19103F-16F7-4668-BE54-9A1E7A4F7556}") = "03. Maximal Sum", "03. Maximal Sum\03. Maximal Sum.csproj", "{14008322-B2AE-428A-B62C-751BB26529B5}"
EndProject
Project("{9A19103F-16F7-4668-BE54-9A1E7A4F7556}") = "04. Matrix Shuffling", "04. Matrix Shuffling\04. Matrix Shuffling.csproj", "{937ACB82-33FB-4F38-A6BE-6F575F58994E}"
EndProject
Project("{FAE04EC0-301F-11D3-BF4B-00C04F79EFBC}") = "09. Miner", "05. Snake Moves\09. Miner.csproj", "{51F4586E-9E20-4B93-8B6C-76201A201F3F}"
EndProject
Global
	GlobalSection(SolutionConfigurationPlatforms) = preSolution
		Debug|Any CPU = Debug|Any CPU
		Release|Any CPU = Release|Any CPU
	EndGlobalSection
	GlobalSection(ProjectConfigurationPlatforms) = postSolution
		{4F1939D2-9D01-42F5-8B50-91AA59BDF428}.Debug|Any CPU.ActiveCfg = Debug|Any CPU
		{4F1939D2-9D01-42F5-8B50-91AA59BDF428}.Debug|Any CPU.Build.0 = Debug|Any CPU
		{4F1939D2-9D01-42F5-8B50-91AA59BDF428}.Release|Any CPU.ActiveCfg = Release|Any CPU
		{4F1939D2-9D01-42F5-8B50-91AA59BDF428}.Release|Any CPU.Build.0 = Release|Any CPU
		{06494613-9622-4900-A95C-4D6ADF5ED56F}.Debug|Any CPU.ActiveCfg = Debug|Any CPU
		{06494613-9622-4900-A95C-4D6ADF5ED56F}.Debug|Any CPU.Build.0 = Debug|Any CPU
		{06494613-9622-4900-A95C-4D6ADF5ED56F}.Release|Any CPU.ActiveCfg = Release|Any CPU
		{06494613-9622-4900-A95C-4D6ADF5ED56F}.Release|Any CPU.Build.0 = Release|Any CPU
		{14008322-B2AE-428A-B62C-751BB26529B5}.Debug|Any CPU.ActiveCfg = Debug|Any CPU
		{14008322-B2AE-428A-B62C-751BB26529B5}.Debug|Any CPU.Build.0 = Debug|Any CPU
		{14008322-B2AE-428A-B62C-751BB26529B5}.Release|Any CPU.ActiveCfg = Release|Any CPU
		{14008322-B2AE-428A-B62C-751BB26529B5}.Release|Any CPU.Build.0 = Release|Any CPU
		{937ACB82-33FB-4F38-A6BE-6F575F58994E}.Debug|Any CPU.ActiveCfg = Debug|Any CPU
		{937ACB82-33FB-4F38-A6BE-6F575F58994E}.Debug|Any CPU.Build.0 = Debug|Any CPU
		{937ACB82-33FB-4F38-A6BE-6F575F58994E}.Release|Any CPU.ActiveCfg = Release|Any CPU
		{937ACB82-33FB-4F38-A6BE-6F575F58994E}.Release|Any CPU.Build.0 = Release|Any CPU
		{51F4586E-9E20-4B93-8B6C-76201A201F3F}.Debug|Any CPU.ActiveCfg = Debug|Any CPU
		{51F4586E-9E20-4B93-8B6C-76201A201F3F}.Debug|Any CPU.Build.0 = Debug|Any CPU
		{51F4586E-9E20-4B93-8B6C-76201A201F3F}.Release|Any CPU.ActiveCfg = Release|Any CPU
		{51F4586E-9E20-4B93-8B6C-76201A201F3F}.Release|Any CPU.Build.0 = Release|Any CPU
	EndGlobalSection
	GlobalSection(SolutionProperties) = preSolution
		HideSolutionNode = FALSE
	EndGlobalSection
	GlobalSection(ExtensibilityGlobals) = postSolution
		SolutionGuid = {619888A0-8510-4795-A0A1-CCC492782956}
	EndGlobalSection
EndGlobal
