
Microsoft Visual Studio Solution File, Format Version 12.00
# Visual Studio Version 17
VisualStudioVersion = 17.4.33205.214
MinimumVisualStudioVersion = 10.0.40219.1
Project("{FAE04EC0-301F-11D3-BF4B-00C04F79EFBC}") = "1. Unique Usernames", "1. Unique Usernames\1. Unique Usernames.csproj", "{D1AB1D55-6203-4184-B6D5-5FF66E1816EE}"
EndProject
Project("{FAE04EC0-301F-11D3-BF4B-00C04F79EFBC}") = "2. Sets of Elements", "2. Sets of Elements\2. Sets of Elements.csproj", "{D47D0E85-2C14-4B67-8937-972158A92C00}"
EndProject
Project("{FAE04EC0-301F-11D3-BF4B-00C04F79EFBC}") = "3. Periodic Table", "3. Periodic Table\3. Periodic Table.csproj", "{4EDFBC30-20C0-4F1C-A63F-A1E1B33952C4}"
EndProject
Project("{FAE04EC0-301F-11D3-BF4B-00C04F79EFBC}") = "4. Even Times", "4. Even Times\4. Even Times.csproj", "{A4E1D622-9173-4DC5-9BF1-939939C702E0}"
EndProject
Project("{FAE04EC0-301F-11D3-BF4B-00C04F79EFBC}") = "5. Count Symbols", "5. Count Symbols\5. Count Symbols.csproj", "{FEC9D674-B985-4541-97F6-38C33F943AD0}"
EndProject
Project("{FAE04EC0-301F-11D3-BF4B-00C04F79EFBC}") = "6. Wardrobe", "6. Wardrobe\6. Wardrobe.csproj", "{8816C45B-F9C5-46B6-9F94-96F45F1D76A1}"
EndProject
Global
	GlobalSection(SolutionConfigurationPlatforms) = preSolution
		Debug|Any CPU = Debug|Any CPU
		Release|Any CPU = Release|Any CPU
	EndGlobalSection
	GlobalSection(ProjectConfigurationPlatforms) = postSolution
		{D1AB1D55-6203-4184-B6D5-5FF66E1816EE}.Debug|Any CPU.ActiveCfg = Debug|Any CPU
		{D1AB1D55-6203-4184-B6D5-5FF66E1816EE}.Debug|Any CPU.Build.0 = Debug|Any CPU
		{D1AB1D55-6203-4184-B6D5-5FF66E1816EE}.Release|Any CPU.ActiveCfg = Release|Any CPU
		{D1AB1D55-6203-4184-B6D5-5FF66E1816EE}.Release|Any CPU.Build.0 = Release|Any CPU
		{D47D0E85-2C14-4B67-8937-972158A92C00}.Debug|Any CPU.ActiveCfg = Debug|Any CPU
		{D47D0E85-2C14-4B67-8937-972158A92C00}.Debug|Any CPU.Build.0 = Debug|Any CPU
		{D47D0E85-2C14-4B67-8937-972158A92C00}.Release|Any CPU.ActiveCfg = Release|Any CPU
		{D47D0E85-2C14-4B67-8937-972158A92C00}.Release|Any CPU.Build.0 = Release|Any CPU
		{4EDFBC30-20C0-4F1C-A63F-A1E1B33952C4}.Debug|Any CPU.ActiveCfg = Debug|Any CPU
		{4EDFBC30-20C0-4F1C-A63F-A1E1B33952C4}.Debug|Any CPU.Build.0 = Debug|Any CPU
		{4EDFBC30-20C0-4F1C-A63F-A1E1B33952C4}.Release|Any CPU.ActiveCfg = Release|Any CPU
		{4EDFBC30-20C0-4F1C-A63F-A1E1B33952C4}.Release|Any CPU.Build.0 = Release|Any CPU
		{A4E1D622-9173-4DC5-9BF1-939939C702E0}.Debug|Any CPU.ActiveCfg = Debug|Any CPU
		{A4E1D622-9173-4DC5-9BF1-939939C702E0}.Debug|Any CPU.Build.0 = Debug|Any CPU
		{A4E1D622-9173-4DC5-9BF1-939939C702E0}.Release|Any CPU.ActiveCfg = Release|Any CPU
		{A4E1D622-9173-4DC5-9BF1-939939C702E0}.Release|Any CPU.Build.0 = Release|Any CPU
		{FEC9D674-B985-4541-97F6-38C33F943AD0}.Debug|Any CPU.ActiveCfg = Debug|Any CPU
		{FEC9D674-B985-4541-97F6-38C33F943AD0}.Debug|Any CPU.Build.0 = Debug|Any CPU
		{FEC9D674-B985-4541-97F6-38C33F943AD0}.Release|Any CPU.ActiveCfg = Release|Any CPU
		{FEC9D674-B985-4541-97F6-38C33F943AD0}.Release|Any CPU.Build.0 = Release|Any CPU
		{8816C45B-F9C5-46B6-9F94-96F45F1D76A1}.Debug|Any CPU.ActiveCfg = Debug|Any CPU
		{8816C45B-F9C5-46B6-9F94-96F45F1D76A1}.Debug|Any CPU.Build.0 = Debug|Any CPU
		{8816C45B-F9C5-46B6-9F94-96F45F1D76A1}.Release|Any CPU.ActiveCfg = Release|Any CPU
		{8816C45B-F9C5-46B6-9F94-96F45F1D76A1}.Release|Any CPU.Build.0 = Release|Any CPU
	EndGlobalSection
	GlobalSection(SolutionProperties) = preSolution
		HideSolutionNode = FALSE
	EndGlobalSection
	GlobalSection(ExtensibilityGlobals) = postSolution
		SolutionGuid = {5937B76A-99B1-4CB4-8EF3-D1C25B1024EB}
	EndGlobalSection
EndGlobal
