
Microsoft Visual Studio Solution File, Format Version 12.00
# Visual Studio Version 17
VisualStudioVersion = 17.4.33205.214
MinimumVisualStudioVersion = 10.0.40219.1
Project("{9A19103F-16F7-4668-BE54-9A1E7A4F7556}") = "GenericBoxofString", "GenericBoxofString\GenericBoxofString.csproj", "{290A0AE1-4AC9-4B85-8C63-A8CF59A81C36}"
EndProject
Project("{9A19103F-16F7-4668-BE54-9A1E7A4F7556}") = "GenericSwapMethodStrings", "GenericSwapMethodStrings\GenericSwapMethodStrings.csproj", "{2445E118-ACBB-4649-97D8-2295324C3C64}"
EndProject
Project("{FAE04EC0-301F-11D3-BF4B-00C04F79EFBC}") = "GenericSwapMethodIntegers", "GenericSwapMethodIntegers\GenericSwapMethodIntegers.csproj", "{12DD220B-A336-41C6-96DB-8AC971552656}"
EndProject
Global
	GlobalSection(SolutionConfigurationPlatforms) = preSolution
		Debug|Any CPU = Debug|Any CPU
		Release|Any CPU = Release|Any CPU
	EndGlobalSection
	GlobalSection(ProjectConfigurationPlatforms) = postSolution
		{290A0AE1-4AC9-4B85-8C63-A8CF59A81C36}.Debug|Any CPU.ActiveCfg = Debug|Any CPU
		{290A0AE1-4AC9-4B85-8C63-A8CF59A81C36}.Debug|Any CPU.Build.0 = Debug|Any CPU
		{290A0AE1-4AC9-4B85-8C63-A8CF59A81C36}.Release|Any CPU.ActiveCfg = Release|Any CPU
		{290A0AE1-4AC9-4B85-8C63-A8CF59A81C36}.Release|Any CPU.Build.0 = Release|Any CPU
		{2445E118-ACBB-4649-97D8-2295324C3C64}.Debug|Any CPU.ActiveCfg = Debug|Any CPU
		{2445E118-ACBB-4649-97D8-2295324C3C64}.Debug|Any CPU.Build.0 = Debug|Any CPU
		{2445E118-ACBB-4649-97D8-2295324C3C64}.Release|Any CPU.ActiveCfg = Release|Any CPU
		{2445E118-ACBB-4649-97D8-2295324C3C64}.Release|Any CPU.Build.0 = Release|Any CPU
		{12DD220B-A336-41C6-96DB-8AC971552656}.Debug|Any CPU.ActiveCfg = Debug|Any CPU
		{12DD220B-A336-41C6-96DB-8AC971552656}.Debug|Any CPU.Build.0 = Debug|Any CPU
		{12DD220B-A336-41C6-96DB-8AC971552656}.Release|Any CPU.ActiveCfg = Release|Any CPU
		{12DD220B-A336-41C6-96DB-8AC971552656}.Release|Any CPU.Build.0 = Release|Any CPU
	EndGlobalSection
	GlobalSection(SolutionProperties) = preSolution
		HideSolutionNode = FALSE
	EndGlobalSection
	GlobalSection(ExtensibilityGlobals) = postSolution
		SolutionGuid = {7C7F8BA0-25D7-4343-B61E-6A095FCC3F34}
	EndGlobalSection
EndGlobal
