
Microsoft Visual Studio Solution File, Format Version 12.00
# Visual Studio Version 17
VisualStudioVersion = 17.4.33205.214
MinimumVisualStudioVersion = 10.0.40219.1
Project("{FAE04EC0-301F-11D3-BF4B-00C04F79EFBC}") = "1. Sort Even Numbers", "1. Sort Even Numbers\1. Sort Even Numbers.csproj", "{8F13ECB0-9628-474B-9A08-7A5FA7BA8D7C}"
EndProject
Project("{FAE04EC0-301F-11D3-BF4B-00C04F79EFBC}") = "2. Sum Numbers", "2. Sum Numbers\2. Sum Numbers.csproj", "{86FAF5FD-AF5C-45D0-8B60-03AA95067F39}"
EndProject
Project("{FAE04EC0-301F-11D3-BF4B-00C04F79EFBC}") = "3. Count Uppercase Words", "3. Count Uppercase Words\3. Count Uppercase Words.csproj", "{3C9B49E4-824B-43DF-8284-268B7FC9BC65}"
EndProject
Project("{FAE04EC0-301F-11D3-BF4B-00C04F79EFBC}") = "4. Add VAT", "4. Add VAT\4. Add VAT.csproj", "{4CA3737B-A8CE-48A3-82A5-BCAD40EE9521}"
EndProject
Project("{FAE04EC0-301F-11D3-BF4B-00C04F79EFBC}") = "5. Filter by Age", "5. Filter by Age\5. Filter by Age.csproj", "{D29069AD-B4D3-45D6-80C3-63CE27CDC196}"
EndProject
Global
	GlobalSection(SolutionConfigurationPlatforms) = preSolution
		Debug|Any CPU = Debug|Any CPU
		Release|Any CPU = Release|Any CPU
	EndGlobalSection
	GlobalSection(ProjectConfigurationPlatforms) = postSolution
		{8F13ECB0-9628-474B-9A08-7A5FA7BA8D7C}.Debug|Any CPU.ActiveCfg = Debug|Any CPU
		{8F13ECB0-9628-474B-9A08-7A5FA7BA8D7C}.Debug|Any CPU.Build.0 = Debug|Any CPU
		{8F13ECB0-9628-474B-9A08-7A5FA7BA8D7C}.Release|Any CPU.ActiveCfg = Release|Any CPU
		{8F13ECB0-9628-474B-9A08-7A5FA7BA8D7C}.Release|Any CPU.Build.0 = Release|Any CPU
		{86FAF5FD-AF5C-45D0-8B60-03AA95067F39}.Debug|Any CPU.ActiveCfg = Debug|Any CPU
		{86FAF5FD-AF5C-45D0-8B60-03AA95067F39}.Debug|Any CPU.Build.0 = Debug|Any CPU
		{86FAF5FD-AF5C-45D0-8B60-03AA95067F39}.Release|Any CPU.ActiveCfg = Release|Any CPU
		{86FAF5FD-AF5C-45D0-8B60-03AA95067F39}.Release|Any CPU.Build.0 = Release|Any CPU
		{3C9B49E4-824B-43DF-8284-268B7FC9BC65}.Debug|Any CPU.ActiveCfg = Debug|Any CPU
		{3C9B49E4-824B-43DF-8284-268B7FC9BC65}.Debug|Any CPU.Build.0 = Debug|Any CPU
		{3C9B49E4-824B-43DF-8284-268B7FC9BC65}.Release|Any CPU.ActiveCfg = Release|Any CPU
		{3C9B49E4-824B-43DF-8284-268B7FC9BC65}.Release|Any CPU.Build.0 = Release|Any CPU
		{4CA3737B-A8CE-48A3-82A5-BCAD40EE9521}.Debug|Any CPU.ActiveCfg = Debug|Any CPU
		{4CA3737B-A8CE-48A3-82A5-BCAD40EE9521}.Debug|Any CPU.Build.0 = Debug|Any CPU
		{4CA3737B-A8CE-48A3-82A5-BCAD40EE9521}.Release|Any CPU.ActiveCfg = Release|Any CPU
		{4CA3737B-A8CE-48A3-82A5-BCAD40EE9521}.Release|Any CPU.Build.0 = Release|Any CPU
		{D29069AD-B4D3-45D6-80C3-63CE27CDC196}.Debug|Any CPU.ActiveCfg = Debug|Any CPU
		{D29069AD-B4D3-45D6-80C3-63CE27CDC196}.Debug|Any CPU.Build.0 = Debug|Any CPU
		{D29069AD-B4D3-45D6-80C3-63CE27CDC196}.Release|Any CPU.ActiveCfg = Release|Any CPU
		{D29069AD-B4D3-45D6-80C3-63CE27CDC196}.Release|Any CPU.Build.0 = Release|Any CPU
	EndGlobalSection
	GlobalSection(SolutionProperties) = preSolution
		HideSolutionNode = FALSE
	EndGlobalSection
	GlobalSection(ExtensibilityGlobals) = postSolution
		SolutionGuid = {530FDB94-A369-4A24-9728-733BC0282B88}
	EndGlobalSection
EndGlobal
